{
  "name": "intro_to_node",
  "version": "1.0.0",
  "lockfileVersion": 1,
  "requires": true,
  "dependencies": {
    "synonyms": {
      "version": "1.0.1",
      "resolved": "https://registry.npmjs.org/synonyms/-/synonyms-1.0.1.tgz",
      "integrity": "sha1-4SzngFkY65nMMIi8uajs8+EEaWY="
    }
  }
}
